
Microsoft Visual Studio Solution File, Format Version 12.00
# Visual Studio 15
VisualStudioVersion = 15.0.28010.2041
MinimumVisualStudioVersion = 10.0.40219.1
Project("{FAE04EC0-301F-11D3-BF4B-00C04F79EFBC}") = "CashMachine", "CashMachine\CashMachine.csproj", "{F68D29A1-62F2-4046-852C-F40A62B19D1F}"
EndProject
Global
	GlobalSection(SolutionConfigurationPlatforms) = preSolution
		Debug|Any CPU = Debug|Any CPU
		Release|Any CPU = Release|Any CPU
	EndGlobalSection
	GlobalSection(ProjectConfigurationPlatforms) = postSolution
		{F68D29A1-62F2-4046-852C-F40A62B19D1F}.Debug|Any CPU.ActiveCfg = Debug|Any CPU
		{F68D29A1-62F2-4046-852C-F40A62B19D1F}.Debug|Any CPU.Build.0 = Debug|Any CPU
		{F68D29A1-62F2-4046-852C-F40A62B19D1F}.Release|Any CPU.ActiveCfg = Release|Any CPU
		{F68D29A1-62F2-4046-852C-F40A62B19D1F}.Release|Any CPU.Build.0 = Release|Any CPU
	EndGlobalSection
	GlobalSection(SolutionProperties) = preSolution
		HideSolutionNode = FALSE
	EndGlobalSection
	GlobalSection(ExtensibilityGlobals) = postSolution
		SolutionGuid = {AB304FFB-F83F-4CEC-85F5-1A5BC7DFE1A5}
	EndGlobalSection
EndGlobal
